# @generated by Move, please check-in and do not edit manually.

[move]
version = 2
manifest_digest = "CF88578F237F420D0154CD7AD6E054D84B92497F92CE97CE58DF68FF406D2D5B"
deps_digest = "F8BBB0CCB2491CA29A3DF03D6F92277A4F3574266507ACD77214D37ECA3F3082"
dependencies = [
  { name = "Sui" },
]

[[move.package]]
name = "MoveStdlib"
source = { git = "https://github.com/MystenLabs/sui.git", rev = "framework/testnet", subdir = "crates/sui-framework/packages/move-stdlib" }

[[move.package]]
name = "Sui"
source = { git = "https://github.com/MystenLabs/sui.git", rev = "framework/testnet", subdir = "crates/sui-framework/packages/sui-framework" }

dependencies = [
  { name = "MoveStdlib" },
]

[move.toolchain-version]
compiler-version = "1.27.2"
edition = "legacy"
flavor = "sui"

[env]

[env.devnet]
chain-id = "49fe5305"
original-published-id = "0x481b4fada2fe099ed5672a49cd40fc610f4de025c80573f8cb8986c9687699a2"
latest-published-id = "0x481b4fada2fe099ed5672a49cd40fc610f4de025c80573f8cb8986c9687699a2"
published-version = "1"
